
Microsoft Visual Studio Solution File, Format Version 12.00
# Visual Studio Version 17
VisualStudioVersion = 17.2.32602.215
MinimumVisualStudioVersion = 10.0.40219.1
Project("{9A19103F-16F7-4668-BE54-9A1E7A4F7556}") = "WinTail", "Unit-1\DoThis\WinTail.csproj", "{62A55DDF-E329-444D-A607-6519F233A4F1}"
EndProject
Global
	GlobalSection(SolutionConfigurationPlatforms) = preSolution
		Debug|Any CPU = Debug|Any CPU
		Release|Any CPU = Release|Any CPU
	EndGlobalSection
	GlobalSection(ProjectConfigurationPlatforms) = postSolution
		{62A55DDF-E329-444D-A607-6519F233A4F1}.Debug|Any CPU.ActiveCfg = Debug|Any CPU
		{62A55DDF-E329-444D-A607-6519F233A4F1}.Debug|Any CPU.Build.0 = Debug|Any CPU
		{62A55DDF-E329-444D-A607-6519F233A4F1}.Release|Any CPU.ActiveCfg = Release|Any CPU
		{62A55DDF-E329-444D-A607-6519F233A4F1}.Release|Any CPU.Build.0 = Release|Any CPU
	EndGlobalSection
	GlobalSection(SolutionProperties) = preSolution
		HideSolutionNode = FALSE
	EndGlobalSection
	GlobalSection(ExtensibilityGlobals) = postSolution
		SolutionGuid = {ADD59C6D-0710-46A2-AE40-3F1DDAFA8604}
	EndGlobalSection
EndGlobal
